
Microsoft Visual Studio Solution File, Format Version 12.00
# Visual Studio 15
VisualStudioVersion = 15.0.28307.136
MinimumVisualStudioVersion = 10.0.40219.1
Project("{8BC9CEB8-8B4A-11D0-8D11-00A0C91BC942}") = "BST", "BST\BST.vcxproj", "{6A0FEB7E-CE30-4D21-8C89-94668A370587}"
EndProject
Global
	GlobalSection(SolutionConfigurationPlatforms) = preSolution
		Debug|x64 = Debug|x64
		Debug|x86 = Debug|x86
		Release|x64 = Release|x64
		Release|x86 = Release|x86
	EndGlobalSection
	GlobalSection(ProjectConfigurationPlatforms) = postSolution
		{6A0FEB7E-CE30-4D21-8C89-94668A370587}.Debug|x64.ActiveCfg = Debug|x64
		{6A0FEB7E-CE30-4D21-8C89-94668A370587}.Debug|x64.Build.0 = Debug|x64
		{6A0FEB7E-CE30-4D21-8C89-94668A370587}.Debug|x86.ActiveCfg = Debug|Win32
		{6A0FEB7E-CE30-4D21-8C89-94668A370587}.Debug|x86.Build.0 = Debug|Win32
		{6A0FEB7E-CE30-4D21-8C89-94668A370587}.Release|x64.ActiveCfg = Release|x64
		{6A0FEB7E-CE30-4D21-8C89-94668A370587}.Release|x64.Build.0 = Release|x64
		{6A0FEB7E-CE30-4D21-8C89-94668A370587}.Release|x86.ActiveCfg = Release|Win32
		{6A0FEB7E-CE30-4D21-8C89-94668A370587}.Release|x86.Build.0 = Release|Win32
	EndGlobalSection
	GlobalSection(SolutionProperties) = preSolution
		HideSolutionNode = FALSE
	EndGlobalSection
	GlobalSection(ExtensibilityGlobals) = postSolution
		SolutionGuid = {6CAB1FE5-5901-40E6-A033-7786D35DD619}
	EndGlobalSection
EndGlobal
